# This file is automatically @generated by Cargo.
# It is not intended for manual editing.
version = 3

[[package]]
name = "AoC2024"
version = "0.1.0"
dependencies = [
 "sorted-vec",
]

[[package]]
name = "sorted-vec"
version = "0.8.5"
source = "registry+https://github.com/rust-lang/crates.io-index"
checksum = "9f64b077cc81ab5f1209bb44c6530a3277261aeaa5405111d48326897306918b"
